
Microsoft Visual Studio Solution File, Format Version 12.00
# Visual Studio 15
VisualStudioVersion = 15.0.27130.2036
MinimumVisualStudioVersion = 10.0.40219.1
Project("{FAE04EC0-301F-11D3-BF4B-00C04F79EFBC}") = "CognitiveServices.FaceAPI.Detection", "CognitiveServices.FaceAPI.Detection\CognitiveServices.FaceAPI.Detection.csproj", "{81B36D57-D754-446E-971C-79AE9D17958C}"
EndProject
Project("{FAE04EC0-301F-11D3-BF4B-00C04F79EFBC}") = "CognitiveServices.FaceAPI.Verification", "CognitiveServices.FaceAPI.Verification\CognitiveServices.FaceAPI.Verification.csproj", "{7B8937BF-8E2D-4B36-AB6A-ECDFC3E9B7E4}"
EndProject
Global
	GlobalSection(SolutionConfigurationPlatforms) = preSolution
		Debug|Any CPU = Debug|Any CPU
		Release|Any CPU = Release|Any CPU
	EndGlobalSection
	GlobalSection(ProjectConfigurationPlatforms) = postSolution
		{81B36D57-D754-446E-971C-79AE9D17958C}.Debug|Any CPU.ActiveCfg = Debug|Any CPU
		{81B36D57-D754-446E-971C-79AE9D17958C}.Debug|Any CPU.Build.0 = Debug|Any CPU
		{81B36D57-D754-446E-971C-79AE9D17958C}.Release|Any CPU.ActiveCfg = Release|Any CPU
		{81B36D57-D754-446E-971C-79AE9D17958C}.Release|Any CPU.Build.0 = Release|Any CPU
		{7B8937BF-8E2D-4B36-AB6A-ECDFC3E9B7E4}.Debug|Any CPU.ActiveCfg = Debug|Any CPU
		{7B8937BF-8E2D-4B36-AB6A-ECDFC3E9B7E4}.Debug|Any CPU.Build.0 = Debug|Any CPU
		{7B8937BF-8E2D-4B36-AB6A-ECDFC3E9B7E4}.Release|Any CPU.ActiveCfg = Release|Any CPU
		{7B8937BF-8E2D-4B36-AB6A-ECDFC3E9B7E4}.Release|Any CPU.Build.0 = Release|Any CPU
	EndGlobalSection
	GlobalSection(SolutionProperties) = preSolution
		HideSolutionNode = FALSE
	EndGlobalSection
	GlobalSection(ExtensibilityGlobals) = postSolution
		SolutionGuid = {48EC868B-9DC4-48A0-AD8D-F202955F9D5A}
	EndGlobalSection
EndGlobal
